// !$*UTF8*$!
{
	archiveVersion = 1;
	classes = {
	};
	objectVersion = 60;
	objects = {

/* Begin PBXBuildFile section */
		34139CCE2AB8663500AC8E36 /* AlertCenter in Frameworks */ = {isa = PBXBuildFile; productRef = 34139CCD2AB8663500AC8E36 /* AlertCenter */; };
		347E314E2AB4BC2A00EBFD4D /* AppDelegate.swift in Sources */ = {isa = PBXBuildFile; fileRef = 347E314D2AB4BC2A00EBFD4D /* AppDelegate.swift */; };
		347E31502AB4BC2A00EBFD4D /* SceneDelegate.swift in Sources */ = {isa = PBXBuildFile; fileRef = 347E314F2AB4BC2A00EBFD4D /* SceneDelegate.swift */; };
		347E31522AB4BC2A00EBFD4D /* ToastAlertViewController.swift in Sources */ = {isa = PBXBuildFile; fileRef = 347E31512AB4BC2A00EBFD4D /* ToastAlertViewController.swift */; };
		347E31572AB4BC2C00EBFD4D /* Assets.xcassets in Resources */ = {isa = PBXBuildFile; fileRef = 347E31562AB4BC2C00EBFD4D /* Assets.xcassets */; };
		347E315A2AB4BC2C00EBFD4D /* LaunchScreen.storyboard in Resources */ = {isa = PBXBuildFile; fileRef = 347E31582AB4BC2C00EBFD4D /* LaunchScreen.storyboard */; };
		3482B51A2AB84CA800E35726 /* AlertCenter in Frameworks */ = {isa = PBXBuildFile; productRef = 3482B5192AB84CA800E35726 /* AlertCenter */; };
/* End PBXBuildFile section */

/* Begin PBXFileReference section */
		347E314A2AB4BC2A00EBFD4D /* AlertCenterExample.app */ = {isa = PBXFileReference; explicitFileType = wrapper.application; includeInIndex = 0; path = AlertCenterExample.app; sourceTree = BUILT_PRODUCTS_DIR; };
		347E314D2AB4BC2A00EBFD4D /* AppDelegate.swift */ = {isa = PBXFileReference; lastKnownFileType = sourcecode.swift; path = AppDelegate.swift; sourceTree = "<group>"; };
		347E314F2AB4BC2A00EBFD4D /* SceneDelegate.swift */ = {isa = PBXFileReference; lastKnownFileType = sourcecode.swift; path = SceneDelegate.swift; sourceTree = "<group>"; };
		347E31512AB4BC2A00EBFD4D /* ToastAlertViewController.swift */ = {isa = PBXFileReference; lastKnownFileType = sourcecode.swift; path = ToastAlertViewController.swift; sourceTree = "<group>"; };
		347E31562AB4BC2C00EBFD4D /* Assets.xcassets */ = {isa = PBXFileReference; lastKnownFileType = folder.assetcatalog; path = Assets.xcassets; sourceTree = "<group>"; };
		347E31592AB4BC2C00EBFD4D /* Base */ = {isa = PBXFileReference; lastKnownFileType = file.storyboard; name = Base; path = Base.lproj/LaunchScreen.storyboard; sourceTree = "<group>"; };
		347E315B2AB4BC2C00EBFD4D /* Info.plist */ = {isa = PBXFileReference; lastKnownFileType = text.plist.xml; path = Info.plist; sourceTree = "<group>"; };
/* End PBXFileReference section */

/* Begin PBXFrameworksBuildPhase section */
		347E31472AB4BC2A00EBFD4D /* Frameworks */ = {
			isa = PBXFrameworksBuildPhase;
			buildActionMask = 2147483647;
			files = (
				34139CCE2AB8663500AC8E36 /* AlertCenter in Frameworks */,
				3482B51A2AB84CA800E35726 /* AlertCenter in Frameworks */,
			);
			runOnlyForDeploymentPostprocessing = 0;
		};
/* End PBXFrameworksBuildPhase section */

/* Begin PBXGroup section */
		347E31412AB4BC2A00EBFD4D = {
			isa = PBXGroup;
			children = (
				347E314C2AB4BC2A00EBFD4D /* AlertCenterExample */,
				347E314B2AB4BC2A00EBFD4D /* Products */,
				347E31802AB4BCA600EBFD4D /* Frameworks */,
			);
			sourceTree = "<group>";
		};
		347E314B2AB4BC2A00EBFD4D /* Products */ = {
			isa = PBXGroup;
			children = (
				347E314A2AB4BC2A00EBFD4D /* AlertCenterExample.app */,
			);
			name = Products;
			sourceTree = "<group>";
		};
		347E314C2AB4BC2A00EBFD4D /* AlertCenterExample */ = {
			isa = PBXGroup;
			children = (
				347E314D2AB4BC2A00EBFD4D /* AppDelegate.swift */,
				347E314F2AB4BC2A00EBFD4D /* SceneDelegate.swift */,
				347E31512AB4BC2A00EBFD4D /* ToastAlertViewController.swift */,
				347E31562AB4BC2C00EBFD4D /* Assets.xcassets */,
				347E31582AB4BC2C00EBFD4D /* LaunchScreen.storyboard */,
				347E315B2AB4BC2C00EBFD4D /* Info.plist */,
			);
			path = AlertCenterExample;
			sourceTree = "<group>";
		};
		347E31802AB4BCA600EBFD4D /* Frameworks */ = {
			isa = PBXGroup;
			children = (
			);
			name = Frameworks;
			sourceTree = "<group>";
		};
/* End PBXGroup section */

/* Begin PBXNativeTarget section */
		347E31492AB4BC2A00EBFD4D /* AlertCenterExample */ = {
			isa = PBXNativeTarget;
			buildConfigurationList = 347E31742AB4BC2C00EBFD4D /* Build configuration list for PBXNativeTarget "AlertCenterExample" */;
			buildPhases = (
				347E31462AB4BC2A00EBFD4D /* Sources */,
				347E31472AB4BC2A00EBFD4D /* Frameworks */,
				347E31482AB4BC2A00EBFD4D /* Resources */,
			);
			buildRules = (
			);
			dependencies = (
			);
			name = AlertCenterExample;
			packageProductDependencies = (
				3482B5192AB84CA800E35726 /* AlertCenter */,
				34139CCD2AB8663500AC8E36 /* AlertCenter */,
			);
			productName = ToastAlertExample;
			productReference = 347E314A2AB4BC2A00EBFD4D /* AlertCenterExample.app */;
			productType = "com.apple.product-type.application";
		};
/* End PBXNativeTarget section */

/* Begin PBXProject section */
		347E31422AB4BC2A00EBFD4D /* Project object */ = {
			isa = PBXProject;
			attributes = {
				BuildIndependentTargetsInParallel = 1;
				LastSwiftUpdateCheck = 1430;
				LastUpgradeCheck = 1430;
				TargetAttributes = {
					347E31492AB4BC2A00EBFD4D = {
						CreatedOnToolsVersion = 14.3.1;
					};
				};
			};
			buildConfigurationList = 347E31452AB4BC2A00EBFD4D /* Build configuration list for PBXProject "AlertCenterExample" */;
			compatibilityVersion = "Xcode 14.0";
			developmentRegion = en;
			hasScannedForEncodings = 0;
			knownRegions = (
				en,
				Base,
			);
			mainGroup = 347E31412AB4BC2A00EBFD4D;
			packageReferences = (
				34139CCC2AB8663500AC8E36 /* XCLocalSwiftPackageReference ".." */,
			);
			productRefGroup = 347E314B2AB4BC2A00EBFD4D /* Products */;
			projectDirPath = "";
			projectRoot = "";
			targets = (
				347E31492AB4BC2A00EBFD4D /* AlertCenterExample */,
			);
		};
/* End PBXProject section */

/* Begin PBXResourcesBuildPhase section */
		347E31482AB4BC2A00EBFD4D /* Resources */ = {
			isa = PBXResourcesBuildPhase;
			buildActionMask = 2147483647;
			files = (
				347E315A2AB4BC2C00EBFD4D /* LaunchScreen.storyboard in Resources */,
				347E31572AB4BC2C00EBFD4D /* Assets.xcassets in Resources */,
			);
			runOnlyForDeploymentPostprocessing = 0;
		};
/* End PBXResourcesBuildPhase section */

/* Begin PBXSourcesBuildPhase section */
		347E31462AB4BC2A00EBFD4D /* Sources */ = {
			isa = PBXSourcesBuildPhase;
			buildActionMask = 2147483647;
			files = (
				347E31522AB4BC2A00EBFD4D /* ToastAlertViewController.swift in Sources */,
				347E314E2AB4BC2A00EBFD4D /* AppDelegate.swift in Sources */,
				347E31502AB4BC2A00EBFD4D /* SceneDelegate.swift in Sources */,
			);
			runOnlyForDeploymentPostprocessing = 0;
		};
/* End PBXSourcesBuildPhase section */

/* Begin PBXVariantGroup section */
		347E31582AB4BC2C00EBFD4D /* LaunchScreen.storyboard */ = {
			isa = PBXVariantGroup;
			children = (
				347E31592AB4BC2C00EBFD4D /* Base */,
			);
			name = LaunchScreen.storyboard;
			sourceTree = "<group>";
		};
/* End PBXVariantGroup section */

/* Begin XCBuildConfiguration section */
		347E31722AB4BC2C00EBFD4D /* Debug */ = {
			isa = XCBuildConfiguration;
			buildSettings = {
				ALWAYS_SEARCH_USER_PATHS = NO;
				CLANG_ANALYZER_NONNULL = YES;
				CLANG_ANALYZER_NUMBER_OBJECT_CONVERSION = YES_AGGRESSIVE;
				CLANG_CXX_LANGUAGE_STANDARD = "gnu++20";
				CLANG_ENABLE_MODULES = YES;
				CLANG_ENABLE_OBJC_ARC = YES;
				CLANG_ENABLE_OBJC_WEAK = YES;
				CLANG_WARN_BLOCK_CAPTURE_AUTORELEASING = YES;
				CLANG_WARN_BOOL_CONVERSION = YES;
				CLANG_WARN_COMMA = YES;
				CLANG_WARN_CONSTANT_CONVERSION = YES;
				CLANG_WARN_DEPRECATED_OBJC_IMPLEMENTATIONS = YES;
				CLANG_WARN_DIRECT_OBJC_ISA_USAGE = YES_ERROR;
				CLANG_WARN_DOCUMENTATION_COMMENTS = YES;
				CLANG_WARN_EMPTY_BODY = YES;
				CLANG_WARN_ENUM_CONVERSION = YES;
				CLANG_WARN_INFINITE_RECURSION = YES;
				CLANG_WARN_INT_CONVERSION = YES;
				CLANG_WARN_NON_LITERAL_NULL_CONVERSION = YES;
				CLANG_WARN_OBJC_IMPLICIT_RETAIN_SELF = YES;
				CLANG_WARN_OBJC_LITERAL_CONVERSION = YES;
				CLANG_WARN_OBJC_ROOT_CLASS = YES_ERROR;
				CLANG_WARN_QUOTED_INCLUDE_IN_FRAMEWORK_HEADER = YES;
				CLANG_WARN_RANGE_LOOP_ANALYSIS = YES;
				CLANG_WARN_STRICT_PROTOTYPES = YES;
				CLANG_WARN_SUSPICIOUS_MOVE = YES;
				CLANG_WARN_UNGUARDED_AVAILABILITY = YES_AGGRESSIVE;
				CLANG_WARN_UNREACHABLE_CODE = YES;
				CLANG_WARN__DUPLICATE_METHOD_MATCH = YES;
				COPY_PHASE_STRIP = NO;
				DEBUG_INFORMATION_FORMAT = dwarf;
				ENABLE_STRICT_OBJC_MSGSEND = YES;
				ENABLE_TESTABILITY = YES;
				GCC_C_LANGUAGE_STANDARD = gnu11;
				GCC_DYNAMIC_NO_PIC = NO;
				GCC_NO_COMMON_BLOCKS = YES;
				GCC_OPTIMIZATION_LEVEL = 0;
				GCC_PREPROCESSOR_DEFINITIONS = (
					"DEBUG=1",
					"$(inherited)",
				);
				GCC_WARN_64_TO_32_BIT_CONVERSION = YES;
				GCC_WARN_ABOUT_RETURN_TYPE = YES_ERROR;
				GCC_WARN_UNDECLARED_SELECTOR = YES;
				GCC_WARN_UNINITIALIZED_AUTOS = YES_AGGRESSIVE;
				GCC_WARN_UNUSED_FUNCTION = YES;
				GCC_WARN_UNUSED_VARIABLE = YES;
				IPHONEOS_DEPLOYMENT_TARGET = 14.0;
				MTL_ENABLE_DEBUG_INFO = INCLUDE_SOURCE;
				MTL_FAST_MATH = YES;
				ONLY_ACTIVE_ARCH = YES;
				SDKROOT = iphoneos;
				SWIFT_ACTIVE_COMPILATION_CONDITIONS = DEBUG;
				SWIFT_OPTIMIZATION_LEVEL = "-Onone";
			};
			name = Debug;
		};
		347E31732AB4BC2C00EBFD4D /* Release */ = {
			isa = XCBuildConfiguration;
			buildSettings = {
				ALWAYS_SEARCH_USER_PATHS = NO;
				CLANG_ANALYZER_NONNULL = YES;
				CLANG_ANALYZER_NUMBER_OBJECT_CONVERSION = YES_AGGRESSIVE;
				CLANG_CXX_LANGUAGE_STANDARD = "gnu++20";
				CLANG_ENABLE_MODULES = YES;
				CLANG_ENABLE_OBJC_ARC = YES;
				CLANG_ENABLE_OBJC_WEAK = YES;
				CLANG_WARN_BLOCK_CAPTURE_AUTORELEASING = YES;
				CLANG_WARN_BOOL_CONVERSION = YES;
				CLANG_WARN_COMMA = YES;
				CLANG_WARN_CONSTANT_CONVERSION = YES;
				CLANG_WARN_DEPRECATED_OBJC_IMPLEMENTATIONS = YES;
				CLANG_WARN_DIRECT_OBJC_ISA_USAGE = YES_ERROR;
				CLANG_WARN_DOCUMENTATION_COMMENTS = YES;
				CLANG_WARN_EMPTY_BODY = YES;
				CLANG_WARN_ENUM_CONVERSION = YES;
				CLANG_WARN_INFINITE_RECURSION = YES;
				CLANG_WARN_INT_CONVERSION = YES;
				CLANG_WARN_NON_LITERAL_NULL_CONVERSION = YES;
				CLANG_WARN_OBJC_IMPLICIT_RETAIN_SELF = YES;
				CLANG_WARN_OBJC_LITERAL_CONVERSION = YES;
				CLANG_WARN_OBJC_ROOT_CLASS = YES_ERROR;
				CLANG_WARN_QUOTED_INCLUDE_IN_FRAMEWORK_HEADER = YES;
				CLANG_WARN_RANGE_LOOP_ANALYSIS = YES;
				CLANG_WARN_STRICT_PROTOTYPES = YES;
				CLANG_WARN_SUSPICIOUS_MOVE = YES;
				CLANG_WARN_UNGUARDED_AVAILABILITY = YES_AGGRESSIVE;
				CLANG_WARN_UNREACHABLE_CODE = YES;
				CLANG_WARN__DUPLICATE_METHOD_MATCH = YES;
				COPY_PHASE_STRIP = NO;
				DEBUG_INFORMATION_FORMAT = "dwarf-with-dsym";
				ENABLE_NS_ASSERTIONS = NO;
				ENABLE_STRICT_OBJC_MSGSEND = YES;
				GCC_C_LANGUAGE_STANDARD = gnu11;
				GCC_NO_COMMON_BLOCKS = YES;
				GCC_WARN_64_TO_32_BIT_CONVERSION = YES;
				GCC_WARN_ABOUT_RETURN_TYPE = YES_ERROR;
				GCC_WARN_UNDECLARED_SELECTOR = YES;
				GCC_WARN_UNINITIALIZED_AUTOS = YES_AGGRESSIVE;
				GCC_WARN_UNUSED_FUNCTION = YES;
				GCC_WARN_UNUSED_VARIABLE = YES;
				IPHONEOS_DEPLOYMENT_TARGET = 14.0;
				MTL_ENABLE_DEBUG_INFO = NO;
				MTL_FAST_MATH = YES;
				SDKROOT = iphoneos;
				SWIFT_COMPILATION_MODE = wholemodule;
				SWIFT_OPTIMIZATION_LEVEL = "-O";
				VALIDATE_PRODUCT = YES;
			};
			name = Release;
		};
		347E31752AB4BC2C00EBFD4D /* Debug */ = {
			isa = XCBuildConfiguration;
			buildSettings = {
				ASSETCATALOG_COMPILER_APPICON_NAME = AppIcon;
				ASSETCATALOG_COMPILER_GLOBAL_ACCENT_COLOR_NAME = AccentColor;
				CODE_SIGN_STYLE = Automatic;
				CURRENT_PROJECT_VERSION = 1;
				DEVELOPMENT_TEAM = 8D69GAM5D6;
				GENERATE_INFOPLIST_FILE = YES;
				INFOPLIST_FILE = AlertCenterExample/Info.plist;
				INFOPLIST_KEY_UIApplicationSupportsIndirectInputEvents = YES;
				INFOPLIST_KEY_UILaunchStoryboardName = LaunchScreen;
				INFOPLIST_KEY_UISupportedInterfaceOrientations_iPad = "UIInterfaceOrientationPortrait UIInterfaceOrientationPortraitUpsideDown UIInterfaceOrientationLandscapeLeft UIInterfaceOrientationLandscapeRight";
				INFOPLIST_KEY_UISupportedInterfaceOrientations_iPhone = "UIInterfaceOrientationPortrait UIInterfaceOrientationLandscapeLeft UIInterfaceOrientationLandscapeRight";
				IPHONEOS_DEPLOYMENT_TARGET = 14.0;
				LD_RUNPATH_SEARCH_PATHS = (
					"$(inherited)",
					"@executable_path/Frameworks",
				);
				MARKETING_VERSION = 1.0;
				PRODUCT_BUNDLE_IDENTIFIER = com.holografix.alertcenterexample;
				PRODUCT_NAME = "$(TARGET_NAME)";
				SWIFT_EMIT_LOC_STRINGS = YES;
				SWIFT_VERSION = 5.0;
				TARGETED_DEVICE_FAMILY = "1,2";
			};
			name = Debug;
		};
		347E31762AB4BC2C00EBFD4D /* Release */ = {
			isa = XCBuildConfiguration;
			buildSettings = {
				ASSETCATALOG_COMPILER_APPICON_NAME = AppIcon;
				ASSETCATALOG_COMPILER_GLOBAL_ACCENT_COLOR_NAME = AccentColor;
				CODE_SIGN_STYLE = Automatic;
				CURRENT_PROJECT_VERSION = 1;
				DEVELOPMENT_TEAM = 8D69GAM5D6;
				GENERATE_INFOPLIST_FILE = YES;
				INFOPLIST_FILE = AlertCenterExample/Info.plist;
				INFOPLIST_KEY_UIApplicationSupportsIndirectInputEvents = YES;
				INFOPLIST_KEY_UILaunchStoryboardName = LaunchScreen;
				INFOPLIST_KEY_UISupportedInterfaceOrientations_iPad = "UIInterfaceOrientationPortrait UIInterfaceOrientationPortraitUpsideDown UIInterfaceOrientationLandscapeLeft UIInterfaceOrientationLandscapeRight";
				INFOPLIST_KEY_UISupportedInterfaceOrientations_iPhone = "UIInterfaceOrientationPortrait UIInterfaceOrientationLandscapeLeft UIInterfaceOrientationLandscapeRight";
				IPHONEOS_DEPLOYMENT_TARGET = 14.0;
				LD_RUNPATH_SEARCH_PATHS = (
					"$(inherited)",
					"@executable_path/Frameworks",
				);
				MARKETING_VERSION = 1.0;
				PRODUCT_BUNDLE_IDENTIFIER = com.holografix.alertcenterexample;
				PRODUCT_NAME = "$(TARGET_NAME)";
				SWIFT_EMIT_LOC_STRINGS = YES;
				SWIFT_VERSION = 5.0;
				TARGETED_DEVICE_FAMILY = "1,2";
			};
			name = Release;
		};
/* End XCBuildConfiguration section */

/* Begin XCConfigurationList section */
		347E31452AB4BC2A00EBFD4D /* Build configuration list for PBXProject "AlertCenterExample" */ = {
			isa = XCConfigurationList;
			buildConfigurations = (
				347E31722AB4BC2C00EBFD4D /* Debug */,
				347E31732AB4BC2C00EBFD4D /* Release */,
			);
			defaultConfigurationIsVisible = 0;
			defaultConfigurationName = Release;
		};
		347E31742AB4BC2C00EBFD4D /* Build configuration list for PBXNativeTarget "AlertCenterExample" */ = {
			isa = XCConfigurationList;
			buildConfigurations = (
				347E31752AB4BC2C00EBFD4D /* Debug */,
				347E31762AB4BC2C00EBFD4D /* Release */,
			);
			defaultConfigurationIsVisible = 0;
			defaultConfigurationName = Release;
		};
/* End XCConfigurationList section */

/* Begin XCLocalSwiftPackageReference section */
		34139CCC2AB8663500AC8E36 /* XCLocalSwiftPackageReference ".." */ = {
			isa = XCLocalSwiftPackageReference;
			relativePath = ..;
		};
/* End XCLocalSwiftPackageReference section */

/* Begin XCSwiftPackageProductDependency section */
		34139CCD2AB8663500AC8E36 /* AlertCenter */ = {
			isa = XCSwiftPackageProductDependency;
			productName = AlertCenter;
		};
		3482B5192AB84CA800E35726 /* AlertCenter */ = {
			isa = XCSwiftPackageProductDependency;
			productName = AlertCenter;
		};
/* End XCSwiftPackageProductDependency section */
	};
	rootObject = 347E31422AB4BC2A00EBFD4D /* Project object */;
}
